
Microsoft Visual Studio Solution File, Format Version 12.00
# Visual Studio Version 16
VisualStudioVersion = 16.0.34407.143
MinimumVisualStudioVersion = 10.0.40219.1
Project("{FAE04EC0-301F-11D3-BF4B-00C04F79EFBC}") = "TestGitIgnore", "TestGitIgnore.csproj", "{CCA3A52D-008E-4B35-A268-3311E32347C4}"
EndProject
Global
	GlobalSection(SolutionConfigurationPlatforms) = preSolution
		Debug|Any CPU = Debug|Any CPU
		Release|Any CPU = Release|Any CPU
	EndGlobalSection
	GlobalSection(ProjectConfigurationPlatforms) = postSolution
		{CCA3A52D-008E-4B35-A268-3311E32347C4}.Debug|Any CPU.ActiveCfg = Debug|Any CPU
		{CCA3A52D-008E-4B35-A268-3311E32347C4}.Debug|Any CPU.Build.0 = Debug|Any CPU
		{CCA3A52D-008E-4B35-A268-3311E32347C4}.Release|Any CPU.ActiveCfg = Release|Any CPU
		{CCA3A52D-008E-4B35-A268-3311E32347C4}.Release|Any CPU.Build.0 = Release|Any CPU
	EndGlobalSection
	GlobalSection(SolutionProperties) = preSolution
		HideSolutionNode = FALSE
	EndGlobalSection
	GlobalSection(ExtensibilityGlobals) = postSolution
		SolutionGuid = {BACB5F6C-C270-4621-A7C6-D8EDB0DAE6F5}
	EndGlobalSection
EndGlobal
