
Microsoft Visual Studio Solution File, Format Version 12.00
# Visual Studio Version 16
VisualStudioVersion = 16.0.34407.143
MinimumVisualStudioVersion = 10.0.40219.1
Project("{FAE04EC0-301F-11D3-BF4B-00C04F79EFBC}") = "Lab1", "Lab1.csproj", "{B35FABD9-F474-4AFD-8E38-7653B7D52E99}"
EndProject
Global
	GlobalSection(SolutionConfigurationPlatforms) = preSolution
		Debug|Any CPU = Debug|Any CPU
		Release|Any CPU = Release|Any CPU
	EndGlobalSection
	GlobalSection(ProjectConfigurationPlatforms) = postSolution
		{B35FABD9-F474-4AFD-8E38-7653B7D52E99}.Debug|Any CPU.ActiveCfg = Debug|Any CPU
		{B35FABD9-F474-4AFD-8E38-7653B7D52E99}.Debug|Any CPU.Build.0 = Debug|Any CPU
		{B35FABD9-F474-4AFD-8E38-7653B7D52E99}.Release|Any CPU.ActiveCfg = Release|Any CPU
		{B35FABD9-F474-4AFD-8E38-7653B7D52E99}.Release|Any CPU.Build.0 = Release|Any CPU
	EndGlobalSection
	GlobalSection(SolutionProperties) = preSolution
		HideSolutionNode = FALSE
	EndGlobalSection
	GlobalSection(ExtensibilityGlobals) = postSolution
		SolutionGuid = {DB773AB8-9C39-4F9A-9C2D-F72EDADAB4A2}
	EndGlobalSection
EndGlobal
